
Microsoft Visual Studio Solution File, Format Version 12.00
# Visual Studio Version 16
VisualStudioVersion = 16.0.30907.101
MinimumVisualStudioVersion = 10.0.40219.1
Project("{FAE04EC0-301F-11D3-BF4B-00C04F79EFBC}") = "EasyBookingWebAPI", "EasyBookingWebAPI\EasyBookingWebAPI.csproj", "{70239835-7340-4655-8C3C-8E0F5374F0FB}"
EndProject
Project("{E24C65DC-7377-472B-9ABA-BC803B73C61A}") = "EasyBookingAPP", "EasyBookingAPP\", "{30E14C94-0839-496F-80D7-F3D3AC78C9C4}"
	ProjectSection(WebsiteProperties) = preProject
		TargetFrameworkMoniker = ".NETFramework,Version%3Dv4.0"
		Debug.AspNetCompiler.VirtualPath = "/localhost_54121"
		Debug.AspNetCompiler.PhysicalPath = "EasyBookingAPP\"
		Debug.AspNetCompiler.TargetPath = "PrecompiledWeb\localhost_54121\"
		Debug.AspNetCompiler.Updateable = "true"
		Debug.AspNetCompiler.ForceOverwrite = "true"
		Debug.AspNetCompiler.FixedNames = "false"
		Debug.AspNetCompiler.Debug = "True"
		Release.AspNetCompiler.VirtualPath = "/localhost_54121"
		Release.AspNetCompiler.PhysicalPath = "EasyBookingAPP\"
		Release.AspNetCompiler.TargetPath = "PrecompiledWeb\localhost_54121\"
		Release.AspNetCompiler.Updateable = "true"
		Release.AspNetCompiler.ForceOverwrite = "true"
		Release.AspNetCompiler.FixedNames = "false"
		Release.AspNetCompiler.Debug = "False"
		VWDPort = "54121"
	EndProjectSection
EndProject
Global
	GlobalSection(SolutionConfigurationPlatforms) = preSolution
		Debug|Any CPU = Debug|Any CPU
		Release|Any CPU = Release|Any CPU
	EndGlobalSection
	GlobalSection(ProjectConfigurationPlatforms) = postSolution
		{70239835-7340-4655-8C3C-8E0F5374F0FB}.Debug|Any CPU.ActiveCfg = Debug|Any CPU
		{70239835-7340-4655-8C3C-8E0F5374F0FB}.Debug|Any CPU.Build.0 = Debug|Any CPU
		{70239835-7340-4655-8C3C-8E0F5374F0FB}.Release|Any CPU.ActiveCfg = Release|Any CPU
		{70239835-7340-4655-8C3C-8E0F5374F0FB}.Release|Any CPU.Build.0 = Release|Any CPU
		{30E14C94-0839-496F-80D7-F3D3AC78C9C4}.Debug|Any CPU.ActiveCfg = Debug|Any CPU
		{30E14C94-0839-496F-80D7-F3D3AC78C9C4}.Debug|Any CPU.Build.0 = Debug|Any CPU
		{30E14C94-0839-496F-80D7-F3D3AC78C9C4}.Release|Any CPU.ActiveCfg = Debug|Any CPU
		{30E14C94-0839-496F-80D7-F3D3AC78C9C4}.Release|Any CPU.Build.0 = Debug|Any CPU
	EndGlobalSection
	GlobalSection(SolutionProperties) = preSolution
		HideSolutionNode = FALSE
	EndGlobalSection
	GlobalSection(ExtensibilityGlobals) = postSolution
		SolutionGuid = {239821F5-12E8-4C1A-892F-CD06839DCFE4}
	EndGlobalSection
EndGlobal
